
Microsoft Visual Studio Solution File, Format Version 12.00
# Visual Studio Version 16
VisualStudioVersion = 16.0.30804.86
MinimumVisualStudioVersion = 10.0.40219.1
Project("{8BC9CEB8-8B4A-11D0-8D11-00A0C91BC942}") = "oop7.1", "oop7.1\oop7.1.vcxproj", "{9CD0845A-6E0D-4C53-BF33-5D75E15E760D}"
EndProject
Project("{8BC9CEB8-8B4A-11D0-8D11-00A0C91BC942}") = "UnitTest7.1", "UnitTest7.1\UnitTest7.1.vcxproj", "{A2693B3C-47AD-4A7C-97A2-BD1DCE5C0BAD}"
EndProject
Global
	GlobalSection(SolutionConfigurationPlatforms) = preSolution
		Debug|x64 = Debug|x64
		Debug|x86 = Debug|x86
		Release|x64 = Release|x64
		Release|x86 = Release|x86
	EndGlobalSection
	GlobalSection(ProjectConfigurationPlatforms) = postSolution
		{9CD0845A-6E0D-4C53-BF33-5D75E15E760D}.Debug|x64.ActiveCfg = Debug|x64
		{9CD0845A-6E0D-4C53-BF33-5D75E15E760D}.Debug|x64.Build.0 = Debug|x64
		{9CD0845A-6E0D-4C53-BF33-5D75E15E760D}.Debug|x86.ActiveCfg = Debug|Win32
		{9CD0845A-6E0D-4C53-BF33-5D75E15E760D}.Debug|x86.Build.0 = Debug|Win32
		{9CD0845A-6E0D-4C53-BF33-5D75E15E760D}.Release|x64.ActiveCfg = Release|x64
		{9CD0845A-6E0D-4C53-BF33-5D75E15E760D}.Release|x64.Build.0 = Release|x64
		{9CD0845A-6E0D-4C53-BF33-5D75E15E760D}.Release|x86.ActiveCfg = Release|Win32
		{9CD0845A-6E0D-4C53-BF33-5D75E15E760D}.Release|x86.Build.0 = Release|Win32
		{A2693B3C-47AD-4A7C-97A2-BD1DCE5C0BAD}.Debug|x64.ActiveCfg = Debug|x64
		{A2693B3C-47AD-4A7C-97A2-BD1DCE5C0BAD}.Debug|x64.Build.0 = Debug|x64
		{A2693B3C-47AD-4A7C-97A2-BD1DCE5C0BAD}.Debug|x86.ActiveCfg = Debug|Win32
		{A2693B3C-47AD-4A7C-97A2-BD1DCE5C0BAD}.Debug|x86.Build.0 = Debug|Win32
		{A2693B3C-47AD-4A7C-97A2-BD1DCE5C0BAD}.Release|x64.ActiveCfg = Release|x64
		{A2693B3C-47AD-4A7C-97A2-BD1DCE5C0BAD}.Release|x64.Build.0 = Release|x64
		{A2693B3C-47AD-4A7C-97A2-BD1DCE5C0BAD}.Release|x86.ActiveCfg = Release|Win32
		{A2693B3C-47AD-4A7C-97A2-BD1DCE5C0BAD}.Release|x86.Build.0 = Release|Win32
	EndGlobalSection
	GlobalSection(SolutionProperties) = preSolution
		HideSolutionNode = FALSE
	EndGlobalSection
	GlobalSection(ExtensibilityGlobals) = postSolution
		SolutionGuid = {B7A38498-1B08-46B1-BB86-7E1316D2E02B}
	EndGlobalSection
EndGlobal
